
Microsoft Visual Studio Solution File, Format Version 11.00
# Visual Studio 2010
Project("{FAE04EC0-301F-11D3-BF4B-00C04F79EFBC}") = "UnipamSimulator", "Assembly-CSharp.csproj", "{FB872FA8-FA5B-7EEF-9EDA-185EB4A3BD91}"
EndProject
Global
	GlobalSection(SolutionConfigurationPlatforms) = preSolution
		Debug|Any CPU = Debug|Any CPU
		Release|Any CPU = Release|Any CPU
	EndGlobalSection
	GlobalSection(ProjectConfigurationPlatforms) = postSolution
		{FB872FA8-FA5B-7EEF-9EDA-185EB4A3BD91}.Debug|Any CPU.ActiveCfg = Debug|Any CPU
		{FB872FA8-FA5B-7EEF-9EDA-185EB4A3BD91}.Debug|Any CPU.Build.0 = Debug|Any CPU
		{FB872FA8-FA5B-7EEF-9EDA-185EB4A3BD91}.Release|Any CPU.ActiveCfg = Release|Any CPU
		{FB872FA8-FA5B-7EEF-9EDA-185EB4A3BD91}.Release|Any CPU.Build.0 = Release|Any CPU
	EndGlobalSection
	GlobalSection(SolutionProperties) = preSolution
		HideSolutionNode = FALSE
	EndGlobalSection
	GlobalSection(MonoDevelopProperties) = preSolution
		StartupItem = Assembly-CSharp.csproj
	EndGlobalSection
EndGlobal
